<?xml version="1.0" encoding="utf-8"?>
<Project ToolsVersion="4.0" xmlns="http://schemas.microsoft.com/developer/msbuild/2003">
  <ItemGroup>
    <Filter Include="Source Files">
      <UniqueIdentifier>{4FC737F1-C7A5-4376-A066-2A32D752A2FF}</UniqueIdentifier>
      <Extensions>cpp;c;cc;cxx;def;odl;idl;hpj;bat;asm;asmx</Extensions>
    </Filter>
    <Filter Include="Header Files">
      <UniqueIdentifier>{93995380-89BD-4b04-88EB-625FBE52EBFB}</UniqueIdentifier>
      <Extensions>h;hh;hpp;hxx;hm;inl;inc;xsd</Extensions>
    </Filter>
    <Filter Include="AI">
      <UniqueIdentifier>{802d3f41-23d1-468d-a7f2-0b9494d39091}</UniqueIdentifier>
    </Filter>
    <Filter Include="PF">
      <UniqueIdentifier>{b87febe3-3bf2-4fc2-a35d-4004871dbe5f}</UniqueIdentifier>
    </Filter>
    <Filter Include="Iso">
      <UniqueIdentifier>{498638f9-f12f-42d5-876d-69c8a929db66}</UniqueIdentifier>
    </Filter>
    <Filter Include="PF\src">
      <UniqueIdentifier>{43194d5c-da78-48fa-9195-b81706571a46}</UniqueIdentifier>
    </Filter>
    <Filter Include="Utilities">
      <UniqueIdentifier>{7adfc851-35b4-4c20-8683-08ef4ae19128}</UniqueIdentifier>
    </Filter>
  </ItemGroup>
  <ItemGroup>
    <ClCompile Include="KunoApp.cpp">
      <Filter>Source Files</Filter>
    </ClCompile>
    <ClCompile Include="main.cpp">
      <Filter>Source Files</Filter>
    </ClCompile>
    <ClCompile Include="Iso.cpp">
      <Filter>Iso</Filter>
    </ClCompile>
    <ClCompile Include="AI.cpp">
      <Filter>AI</Filter>
    </ClCompile>
    <ClCompile Include="Tile.cpp">
      <Filter>PF\src</Filter>
    </ClCompile>
    <ClCompile Include="PF.cpp">
      <Filter>PF\src</Filter>
    </ClCompile>
    <ClCompile Include="Map.cpp">
      <Filter>PF\src</Filter>
    </ClCompile>
    <ClCompile Include="Path.cpp">
      <Filter>Source Files</Filter>
    </ClCompile>
    <ClCompile Include="Util.cpp">
      <Filter>Source Files</Filter>
    </ClCompile>
  </ItemGroup>
  <ItemGroup>
    <ClInclude Include="KunoApp.h">
      <Filter>Header Files</Filter>
    </ClInclude>
    <ClInclude Include="GameDefines.h">
      <Filter>Header Files</Filter>
    </ClInclude>
    <ClInclude Include="Iso.h">
      <Filter>Iso</Filter>
    </ClInclude>
    <ClInclude Include="PF.h">
      <Filter>PF</Filter>
    </ClInclude>
    <ClInclude Include="AI.h">
      <Filter>AI</Filter>
    </ClInclude>
    <ClInclude Include="Tile.h">
      <Filter>PF</Filter>
    </ClInclude>
    <ClInclude Include="Map.h">
      <Filter>PF</Filter>
    </ClInclude>
    <ClInclude Include="Path.h">
      <Filter>Header Files</Filter>
    </ClInclude>
    <ClInclude Include="Util.h">
      <Filter>Header Files</Filter>
    </ClInclude>
  </ItemGroup>
</Project>