<?xml version="1.0" encoding="utf-8"?>
<Project ToolsVersion="4.0" xmlns="http://schemas.microsoft.com/developer/msbuild/2003">
  <ItemGroup>
    <Filter Include="AI">
      <UniqueIdentifier>{802d3f41-23d1-468d-a7f2-0b9494d39091}</UniqueIdentifier>
    </Filter>
    <Filter Include="PF">
      <UniqueIdentifier>{b87febe3-3bf2-4fc2-a35d-4004871dbe5f}</UniqueIdentifier>
    </Filter>
    <Filter Include="PF\src">
      <UniqueIdentifier>{43194d5c-da78-48fa-9195-b81706571a46}</UniqueIdentifier>
    </Filter>
    <Filter Include="Assets">
      <UniqueIdentifier>{2f24b136-d5bd-4e72-a0cf-14cd7e8f2e5a}</UniqueIdentifier>
    </Filter>
    <Filter Include="Util">
      <UniqueIdentifier>{7adfc851-35b4-4c20-8683-08ef4ae19128}</UniqueIdentifier>
    </Filter>
    <Filter Include="Util\src">
      <UniqueIdentifier>{4550bc9e-76b9-49ee-afe0-502d84847732}</UniqueIdentifier>
    </Filter>
    <Filter Include="zsrc">
      <UniqueIdentifier>{4FC737F1-C7A5-4376-A066-2A32D752A2FF}</UniqueIdentifier>
      <Extensions>cpp;c;cc;cxx;def;odl;idl;hpj;bat;asm;asmx</Extensions>
    </Filter>
  </ItemGroup>
  <ItemGroup>
    <ClCompile Include="AI.cpp">
      <Filter>AI</Filter>
    </ClCompile>
    <ClCompile Include="Tile.cpp">
      <Filter>PF\src</Filter>
    </ClCompile>
    <ClCompile Include="PF.cpp">
      <Filter>PF\src</Filter>
    </ClCompile>
    <ClCompile Include="Map.cpp">
      <Filter>PF\src</Filter>
    </ClCompile>
    <ClCompile Include="Path.cpp">
      <Filter>PF\src</Filter>
    </ClCompile>
    <ClCompile Include="Camera.cpp">
      <Filter>Util\src</Filter>
    </ClCompile>
    <ClCompile Include="TextureManager.cpp">
      <Filter>Util\src</Filter>
    </ClCompile>
    <ClCompile Include="main.cpp">
      <Filter>zsrc</Filter>
    </ClCompile>
    <ClCompile Include="GameDefines.cpp">
      <Filter>zsrc</Filter>
    </ClCompile>
    <ClCompile Include="KunoApp.cpp">
      <Filter>zsrc</Filter>
    </ClCompile>
    <ClCompile Include="DepthSorter.cpp">
      <Filter>Util\src</Filter>
    </ClCompile>
  </ItemGroup>
  <ItemGroup>
    <ClInclude Include="PF.h">
      <Filter>PF</Filter>
    </ClInclude>
    <ClInclude Include="AI.h">
      <Filter>AI</Filter>
    </ClInclude>
    <ClInclude Include="Tile.h">
      <Filter>PF</Filter>
    </ClInclude>
    <ClInclude Include="Map.h">
      <Filter>PF</Filter>
    </ClInclude>
    <ClInclude Include="Camera.h">
      <Filter>Util</Filter>
    </ClInclude>
    <ClInclude Include="TextureManager.h">
      <Filter>Util</Filter>
    </ClInclude>
    <ClInclude Include="Path.h">
      <Filter>PF</Filter>
    </ClInclude>
    <ClInclude Include="GameDefines.h" />
    <ClInclude Include="KunoApp.h" />
    <ClInclude Include="resource.h" />
    <ClInclude Include="DepthSorter.h">
      <Filter>Util</Filter>
    </ClInclude>
  </ItemGroup>
  <ItemGroup>
    <Image Include="..\bin\textures\prototype_iso\blockHuge_N.png">
      <Filter>Assets</Filter>
    </Image>
    <Image Include="..\bin\textures\prototype_iso\blockLarge_N.png">
      <Filter>Assets</Filter>
    </Image>
    <Image Include="..\bin\textures\prototype_iso\blockSmall_N.png">
      <Filter>Assets</Filter>
    </Image>
    <Image Include="..\bin\textures\prototype_iso\column_N.png">
      <Filter>Assets</Filter>
    </Image>
    <Image Include="..\bin\textures\prototype_iso\columnBlocks_N.png">
      <Filter>Assets</Filter>
    </Image>
    <Image Include="..\bin\textures\prototype_iso\floor_N.png">
      <Filter>Assets</Filter>
    </Image>
    <Image Include="..\bin\textures\prototype_iso\slab_N.png">
      <Filter>Assets</Filter>
    </Image>
  </ItemGroup>
</Project>